<?xml version="1.0" encoding="utf-8"?>
<Project ToolsVersion="16.0" xmlns="http://schemas.microsoft.com/developer/msbuild/2003">
  <ItemGroup>
    <CustomBuild Include="C:\Users\thanw\2021_20404601\Worksheet 4\calc_cmake\msvc_dynamic\CMakeFiles\261f686717d91b620fa19fde9d6503a0\generate.stamp.rule">
      <Filter>CMake Rules</Filter>
    </CustomBuild>
  </ItemGroup>
  <ItemGroup>
    <Filter Include="CMake Rules">
      <UniqueIdentifier>{39070E33-5B44-3A90-A08A-DFD60397F5DC}</UniqueIdentifier>
    </Filter>
  </ItemGroup>
</Project>
